{
  "name": "saml-test",
  "version": "1.0.0",
  "lockfileVersion": 1,
  "requires": true,
  "dependencies": {
    "@authenio/samlify-xsd-schema-validator": {
      "version": "1.0.3",
      "resolved": "https://registry.npmjs.org/@authenio/samlify-xsd-schema-validator/-/samlify-xsd-schema-validator-1.0.3.tgz",
      "integrity": "sha512-J4yC4S6Jn8bd9AXIdytzuFprrpDrRoV5TUoH135fFirx8CE1wUzy5xKYPXi8juDRylsIKOGpXEY3voCPIWYxGg==",
      "requires": {
        "@authenio/xsd-schema-validator": "^0.7.1"
      }
    },
    "@authenio/xml-encryption": {
      "version": "2.0.2",
      "resolved": "https://registry.npmjs.org/@authenio/xml-encryption/-/xml-encryption-2.0.2.tgz",
      "integrity": "sha512-cTlrKttbrRHEw3W+0/I609A2Matj5JQaRvfLtEIGZvlN0RaPi+3ANsMeqAyCAVlH/lUIW2tmtBlSMni74lcXeg==",
      "requires": {
        "@xmldom/xmldom": "^0.8.6",
        "escape-html": "^1.0.3",
        "xpath": "0.0.32"
      }
    },
    "@authenio/xsd-schema-validator": {
      "version": "0.7.1",
      "resolved": "https://registry.npmjs.org/@authenio/xsd-schema-validator/-/xsd-schema-validator-0.7.1.tgz",
      "integrity": "sha512-LfxalSt34Z6V2MKBRExfDBXHwLO3PycKaI0+k4nM1ei5rLJZHqU3C/vYm+LaA1nba6cu+cVXQY8zez3R0ZKl+w=="
    },
    "@xmldom/xmldom": {
      "version": "0.8.9",
      "resolved": "https://registry.npmjs.org/@xmldom/xmldom/-/xmldom-0.8.9.tgz",
      "integrity": "sha512-4VSbbcMoxc4KLjb1gs96SRmi7w4h1SF+fCoiK0XaQX62buCc1G5d0DC5bJ9xJBNPDSVCmIrcl8BiYxzjrqaaJA=="
    },
    "asn1": {
      "version": "0.2.6",
      "resolved": "https://registry.npmjs.org/asn1/-/asn1-0.2.6.tgz",
      "integrity": "sha512-ix/FxPn0MDjeyJ7i/yoHGFt/EX6LyNbxSEhPPXODPL+KB0VPk86UYfL0lMdy+KCnv+fmvIzySwaK5COwqVbWTQ==",
      "requires": {
        "safer-buffer": "~2.1.0"
      }
    },
    "camelcase": {
      "version": "6.3.0",
      "resolved": "https://registry.npmjs.org/camelcase/-/camelcase-6.3.0.tgz",
      "integrity": "sha512-Gmy6FhYlCY7uOElZUSbxo2UCDH8owEk996gkbrpsgGtrJLM3J7jGxl9Ic7Qwwj4ivOE5AWZWRMecDdF7hqGjFA=="
    },
    "escape-html": {
      "version": "1.0.3",
      "resolved": "https://registry.npmjs.org/escape-html/-/escape-html-1.0.3.tgz",
      "integrity": "sha512-NiSupZ4OeuGwr68lGIeym/ksIZMJodUGOSCZ/FSnTxcrekbvqrgdUxlJOMpijaKZVjAJrWrGs/6Jy8OMuyj9ow=="
    },
    "node-forge": {
      "version": "1.3.1",
      "resolved": "https://registry.npmjs.org/node-forge/-/node-forge-1.3.1.tgz",
      "integrity": "sha512-dPEtOeMvF9VMcYV/1Wb8CPoVAXtp6MKMlcbAt4ddqmGqUJ6fQZFXkNZNkNlfevtNkGtaSoXf/vNNNSvgrdXwtA=="
    },
    "node-rsa": {
      "version": "1.1.1",
      "resolved": "https://registry.npmjs.org/node-rsa/-/node-rsa-1.1.1.tgz",
      "integrity": "sha512-Jd4cvbJMryN21r5HgxQOpMEqv+ooke/korixNNK3mGqfGJmy0M77WDDzo/05969+OkMy3XW1UuZsSmW9KQm7Fw==",
      "requires": {
        "asn1": "^0.2.4"
      }
    },
    "pako": {
      "version": "1.0.11",
      "resolved": "https://registry.npmjs.org/pako/-/pako-1.0.11.tgz",
      "integrity": "sha512-4hLB8Py4zZce5s4yd9XzopqwVv/yGNhV1Bl8NTmCq1763HeK2+EwVTv+leGeL13Dnh2wfbqowVPXCIO0z4taYw=="
    },
    "safer-buffer": {
      "version": "2.1.2",
      "resolved": "https://registry.npmjs.org/safer-buffer/-/safer-buffer-2.1.2.tgz",
      "integrity": "sha512-YZo3K82SD7Riyi0E1EQPojLz7kpepnSQI9IyPbHHg1XXXevb5dJI7tpyN2ADxGcQbHG7vcyRHk0cbwqcQriUtg=="
    },
    "samlify": {
      "version": "2.8.10",
      "resolved": "https://registry.npmjs.org/samlify/-/samlify-2.8.10.tgz",
      "integrity": "sha512-g2M1Qq2uL7GHtmBRaTVYcJD0Vb+XOyvXHsPARHCoqQ54Vp7m5h3NMUGzvLEIFGujxaamyM3BhEi9fdVAkJMvHw==",
      "requires": {
        "@authenio/xml-encryption": "^2.0.2",
        "@xmldom/xmldom": "^0.8.6",
        "camelcase": "^6.2.0",
        "node-forge": "^1.3.0",
        "node-rsa": "^1.1.1",
        "pako": "^1.0.10",
        "uuid": "^8.3.2",
        "xml": "^1.0.1",
        "xml-crypto": "^3.0.1",
        "xpath": "^0.0.32"
      }
    },
    "uuid": {
      "version": "8.3.2",
      "resolved": "https://registry.npmjs.org/uuid/-/uuid-8.3.2.tgz",
      "integrity": "sha512-+NYs2QeMWy+GWFOEm9xnn6HCDp0l7QBD7ml8zLUmJ+93Q5NF0NocErnwkTkXVFNiX3/fpC6afS8Dhb/gz7R7eg=="
    },
    "xml": {
      "version": "1.0.1",
      "resolved": "https://registry.npmjs.org/xml/-/xml-1.0.1.tgz",
      "integrity": "sha512-huCv9IH9Tcf95zuYCsQraZtWnJvBtLVE0QHMOs8bWyZAFZNDcYjsPq1nEx8jKA9y+Beo9v+7OBPRisQTjinQMw=="
    },
    "xml-crypto": {
      "version": "3.1.0",
      "resolved": "https://registry.npmjs.org/xml-crypto/-/xml-crypto-3.1.0.tgz",
      "integrity": "sha512-GPDprzBeCvn2ByTzeX+DOXbQ7V2IHmE6H1WZkrR+5LPrRQrwwYC9RoCYZ2++y2yJTYzRre1qY4gqNjmJLKdQ6Q==",
      "requires": {
        "@xmldom/xmldom": "0.8.7",
        "xpath": "0.0.32"
      },
      "dependencies": {
        "@xmldom/xmldom": {
          "version": "0.8.7",
          "resolved": "https://registry.npmjs.org/@xmldom/xmldom/-/xmldom-0.8.7.tgz",
          "integrity": "sha512-sI1Ly2cODlWStkINzqGrZ8K6n+MTSbAeQnAipGyL+KZCXuHaRlj2gyyy8B/9MvsFFqN7XHryQnB2QwhzvJXovg=="
        }
      }
    },
    "xpath": {
      "version": "0.0.32",
      "resolved": "https://registry.npmjs.org/xpath/-/xpath-0.0.32.tgz",
      "integrity": "sha512-rxMJhSIoiO8vXcWvSifKqhvV96GjiD5wYb8/QHdoRyQvraTpp4IEv944nhGausZZ3u7dhQXteZuZbaqfpB7uYw=="
    }
  }
}
