{
  "name": "saml-test",
  "version": "1.0.0",
  "lockfileVersion": 1,
  "requires": true,
  "dependencies": {
    "@authenio/samlify-xsd-schema-validator": {
      "version": "1.0.3",
      "resolved": "https://registry.npmjs.org/@authenio/samlify-xsd-schema-validator/-/samlify-xsd-schema-validator-1.0.3.tgz",
      "integrity": "sha512-J4yC4S6Jn8bd9AXIdytzuFprrpDrRoV5TUoH135fFirx8CE1wUzy5xKYPXi8juDRylsIKOGpXEY3voCPIWYxGg==",
      "requires": {
        "@authenio/xsd-schema-validator": "^0.7.1"
      }
    },
    "@authenio/xsd-schema-validator": {
      "version": "0.7.1",
      "resolved": "https://registry.npmjs.org/@authenio/xsd-schema-validator/-/xsd-schema-validator-0.7.1.tgz",
      "integrity": "sha512-LfxalSt34Z6V2MKBRExfDBXHwLO3PycKaI0+k4nM1ei5rLJZHqU3C/vYm+LaA1nba6cu+cVXQY8zez3R0ZKl+w=="
    },
    "asn1": {
      "version": "0.2.4",
      "resolved": "https://registry.npmjs.org/asn1/-/asn1-0.2.4.tgz",
      "integrity": "sha512-jxwzQpLQjSmWXgwaCZE9Nz+glAG01yF1QnWgbhGwHI5A6FRIEY6IVqtHhIepHqI7/kyEyQEagBC5mBEFlIYvdg==",
      "requires": {
        "safer-buffer": "~2.1.0"
      }
    },
    "camelcase": {
      "version": "5.3.1",
      "resolved": "https://registry.npmjs.org/camelcase/-/camelcase-5.3.1.tgz",
      "integrity": "sha512-L28STB170nwWS63UjtlEOE3dldQApaJXZkOI1uMFfzf3rRuPegHaHesyee+YxQ+W6SvRDQV6UrdOdRiR153wJg=="
    },
    "escape-html": {
      "version": "1.0.3",
      "resolved": "https://registry.npmjs.org/escape-html/-/escape-html-1.0.3.tgz",
      "integrity": "sha1-Aljq5NPQwJdN4cFpGI7wBR0dGYg="
    },
    "node-forge": {
      "version": "0.8.5",
      "resolved": "https://registry.npmjs.org/node-forge/-/node-forge-0.8.5.tgz",
      "integrity": "sha512-vFMQIWt+J/7FLNyKouZ9TazT74PRV3wgv9UT4cRjC8BffxFbKXkgIWR42URCPSnHm/QDz6BOlb2Q0U4+VQT67Q=="
    },
    "node-rsa": {
      "version": "1.0.8",
      "resolved": "https://registry.npmjs.org/node-rsa/-/node-rsa-1.0.8.tgz",
      "integrity": "sha512-q8knkMHEqViIX/fshOltCHTtlt4Nw5wpBpu0//LB1tkxqYZB/001dYMwbPvTPiENwKvPqVDkhxK6J4fV09oa7w==",
      "requires": {
        "asn1": "^0.2.4"
      }
    },
    "pako": {
      "version": "1.0.11",
      "resolved": "https://registry.npmjs.org/pako/-/pako-1.0.11.tgz",
      "integrity": "sha512-4hLB8Py4zZce5s4yd9XzopqwVv/yGNhV1Bl8NTmCq1763HeK2+EwVTv+leGeL13Dnh2wfbqowVPXCIO0z4taYw=="
    },
    "safer-buffer": {
      "version": "2.1.2",
      "resolved": "https://registry.npmjs.org/safer-buffer/-/safer-buffer-2.1.2.tgz",
      "integrity": "sha512-YZo3K82SD7Riyi0E1EQPojLz7kpepnSQI9IyPbHHg1XXXevb5dJI7tpyN2ADxGcQbHG7vcyRHk0cbwqcQriUtg=="
    },
    "samlify": {
      "version": "2.7.4",
      "resolved": "https://registry.npmjs.org/samlify/-/samlify-2.7.4.tgz",
      "integrity": "sha512-PRFm8wbnAQjcSF5kBAKOIjAtoT+CO3jB+HH/rBcWnC27CfyKp9A17Q+JynTzvQkWrGt8E8V5PDluvLDdaiJSiA==",
      "requires": {
        "camelcase": "^5.3.1",
        "node-forge": "^0.8.5",
        "node-rsa": "^1.0.5",
        "pako": "^1.0.10",
        "uuid": "^3.3.2",
        "xml": "^1.0.1",
        "xml-crypto": "^1.5.3",
        "xml-encryption": "^1.1.1",
        "xmldom": "^0.1.27",
        "xpath": "^0.0.27"
      }
    },
    "uuid": {
      "version": "3.4.0",
      "resolved": "https://registry.npmjs.org/uuid/-/uuid-3.4.0.tgz",
      "integrity": "sha512-HjSDRw6gZE5JMggctHBcjVak08+KEVhSIiDzFnT9S9aegmp85S/bReBVTb4QTFaRNptJ9kuYaNhnbNEOkbKb/A=="
    },
    "xml": {
      "version": "1.0.1",
      "resolved": "https://registry.npmjs.org/xml/-/xml-1.0.1.tgz",
      "integrity": "sha1-eLpyAgApxbyHuKgaPPzXS0ovweU="
    },
    "xml-crypto": {
      "version": "1.5.3",
      "resolved": "https://registry.npmjs.org/xml-crypto/-/xml-crypto-1.5.3.tgz",
      "integrity": "sha512-uHkmpUtX15xExe5iimPmakAZN+6CqIvjmaJTy4FwqGzaTjrKRBNeqMh8zGEzVNgW0dk6beFYpyQSgqV/J6C5xA==",
      "requires": {
        "xmldom": "0.1.27",
        "xpath": "0.0.27"
      },
      "dependencies": {
        "xmldom": {
          "version": "0.1.27",
          "resolved": "https://registry.npmjs.org/xmldom/-/xmldom-0.1.27.tgz",
          "integrity": "sha1-1QH5ezvbQDr4757MIFcxh6rawOk="
        }
      }
    },
    "xml-encryption": {
      "version": "1.2.0",
      "resolved": "https://registry.npmjs.org/xml-encryption/-/xml-encryption-1.2.0.tgz",
      "integrity": "sha512-J3NjGMY8jf6bTo15jURTYBLtsisbnyCeM+MuxtfiAkZEZBnSZpNKjUUORhiOScKvSi6tMOAaZ3r7bZOXOni+Ew==",
      "requires": {
        "escape-html": "^1.0.3",
        "node-forge": "^0.7.0",
        "xmldom": "~0.1.15",
        "xpath": "0.0.27"
      },
      "dependencies": {
        "node-forge": {
          "version": "0.7.6",
          "resolved": "https://registry.npmjs.org/node-forge/-/node-forge-0.7.6.tgz",
          "integrity": "sha512-sol30LUpz1jQFBjOKwbjxijiE3b6pjd74YwfD0fJOKPjF+fONKb2Yg8rYgS6+bK6VDl+/wfr4IYpC7jDzLUIfw=="
        }
      }
    },
    "xmldom": {
      "version": "0.1.31",
      "resolved": "https://registry.npmjs.org/xmldom/-/xmldom-0.1.31.tgz",
      "integrity": "sha512-yS2uJflVQs6n+CyjHoaBmVSqIDevTAWrzMmjG1Gc7h1qQ7uVozNhEPJAwZXWyGQ/Gafo3fCwrcaokezLPupVyQ=="
    },
    "xpath": {
      "version": "0.0.27",
      "resolved": "https://registry.npmjs.org/xpath/-/xpath-0.0.27.tgz",
      "integrity": "sha512-fg03WRxtkCV6ohClePNAECYsmpKKTv5L8y/X3Dn1hQrec3POx2jHZ/0P2qQ6HvsrU1BmeqXcof3NGGueG6LxwQ=="
    }
  }
}
